// !$*UTF8*$!
{
	archiveVersion = 1;
	classes = {
	};
	objectVersion = 56;
	objects = {

/* Begin PBXBuildFile section */
		82E428232C0CEB1300FFB9D6 /* PlayingWithMapsApp.swift in Sources */ = {isa = PBXBuildFile; fileRef = 82E428222C0CEB1300FFB9D6 /* PlayingWithMapsApp.swift */; };
		82E428252C0CEB1300FFB9D6 /* ContentView.swift in Sources */ = {isa = PBXBuildFile; fileRef = 82E428242C0CEB1300FFB9D6 /* ContentView.swift */; };
		82E428272C0CEB1600FFB9D6 /* Assets.xcassets in Resources */ = {isa = PBXBuildFile; fileRef = 82E428262C0CEB1600FFB9D6 /* Assets.xcassets */; };
		82E4282A2C0CEB1600FFB9D6 /* Preview Assets.xcassets in Resources */ = {isa = PBXBuildFile; fileRef = 82E428292C0CEB1600FFB9D6 /* Preview Assets.xcassets */; };
		82E428342C0CEB1700FFB9D6 /* PlayingWithMapsTests.swift in Sources */ = {isa = PBXBuildFile; fileRef = 82E428332C0CEB1700FFB9D6 /* PlayingWithMapsTests.swift */; };
		82E4283E2C0CEB1700FFB9D6 /* PlayingWithMapsUITests.swift in Sources */ = {isa = PBXBuildFile; fileRef = 82E4283D2C0CEB1700FFB9D6 /* PlayingWithMapsUITests.swift */; };
		82E428402C0CEB1700FFB9D6 /* PlayingWithMapsUITestsLaunchTests.swift in Sources */ = {isa = PBXBuildFile; fileRef = 82E4283F2C0CEB1700FFB9D6 /* PlayingWithMapsUITestsLaunchTests.swift */; };
		82E428532C0FA76400FFB9D6 /* LAButtons.swift in Sources */ = {isa = PBXBuildFile; fileRef = 82E428522C0FA76300FFB9D6 /* LAButtons.swift */; };
		82E428552C0FA77F00FFB9D6 /* ItemInfoView.swift in Sources */ = {isa = PBXBuildFile; fileRef = 82E428542C0FA77F00FFB9D6 /* ItemInfoView.swift */; };
/* End PBXBuildFile section */

/* Begin PBXContainerItemProxy section */
		82E428302C0CEB1700FFB9D6 /* PBXContainerItemProxy */ = {
			isa = PBXContainerItemProxy;
			containerPortal = 82E428172C0CEB1300FFB9D6 /* Project object */;
			proxyType = 1;
			remoteGlobalIDString = 82E4281E2C0CEB1300FFB9D6;
			remoteInfo = PlayingWithMaps;
		};
		82E4283A2C0CEB1700FFB9D6 /* PBXContainerItemProxy */ = {
			isa = PBXContainerItemProxy;
			containerPortal = 82E428172C0CEB1300FFB9D6 /* Project object */;
			proxyType = 1;
			remoteGlobalIDString = 82E4281E2C0CEB1300FFB9D6;
			remoteInfo = PlayingWithMaps;
		};
/* End PBXContainerItemProxy section */

/* Begin PBXFileReference section */
		82E4281F2C0CEB1300FFB9D6 /* PlayingWithMaps.app */ = {isa = PBXFileReference; explicitFileType = wrapper.application; includeInIndex = 0; path = PlayingWithMaps.app; sourceTree = BUILT_PRODUCTS_DIR; };
		82E428222C0CEB1300FFB9D6 /* PlayingWithMapsApp.swift */ = {isa = PBXFileReference; lastKnownFileType = sourcecode.swift; path = PlayingWithMapsApp.swift; sourceTree = "<group>"; };
		82E428242C0CEB1300FFB9D6 /* ContentView.swift */ = {isa = PBXFileReference; lastKnownFileType = sourcecode.swift; path = ContentView.swift; sourceTree = "<group>"; };
		82E428262C0CEB1600FFB9D6 /* Assets.xcassets */ = {isa = PBXFileReference; lastKnownFileType = folder.assetcatalog; path = Assets.xcassets; sourceTree = "<group>"; };
		82E428292C0CEB1600FFB9D6 /* Preview Assets.xcassets */ = {isa = PBXFileReference; lastKnownFileType = folder.assetcatalog; path = "Preview Assets.xcassets"; sourceTree = "<group>"; };
		82E4282F2C0CEB1700FFB9D6 /* PlayingWithMapsTests.xctest */ = {isa = PBXFileReference; explicitFileType = wrapper.cfbundle; includeInIndex = 0; path = PlayingWithMapsTests.xctest; sourceTree = BUILT_PRODUCTS_DIR; };
		82E428332C0CEB1700FFB9D6 /* PlayingWithMapsTests.swift */ = {isa = PBXFileReference; lastKnownFileType = sourcecode.swift; path = PlayingWithMapsTests.swift; sourceTree = "<group>"; };
		82E428392C0CEB1700FFB9D6 /* PlayingWithMapsUITests.xctest */ = {isa = PBXFileReference; explicitFileType = wrapper.cfbundle; includeInIndex = 0; path = PlayingWithMapsUITests.xctest; sourceTree = BUILT_PRODUCTS_DIR; };
		82E4283D2C0CEB1700FFB9D6 /* PlayingWithMapsUITests.swift */ = {isa = PBXFileReference; lastKnownFileType = sourcecode.swift; path = PlayingWithMapsUITests.swift; sourceTree = "<group>"; };
		82E4283F2C0CEB1700FFB9D6 /* PlayingWithMapsUITestsLaunchTests.swift */ = {isa = PBXFileReference; lastKnownFileType = sourcecode.swift; path = PlayingWithMapsUITestsLaunchTests.swift; sourceTree = "<group>"; };
		82E428522C0FA76300FFB9D6 /* LAButtons.swift */ = {isa = PBXFileReference; fileEncoding = 4; lastKnownFileType = sourcecode.swift; path = LAButtons.swift; sourceTree = "<group>"; };
		82E428542C0FA77F00FFB9D6 /* ItemInfoView.swift */ = {isa = PBXFileReference; fileEncoding = 4; lastKnownFileType = sourcecode.swift; path = ItemInfoView.swift; sourceTree = "<group>"; };
/* End PBXFileReference section */

/* Begin PBXFrameworksBuildPhase section */
		82E4281C2C0CEB1300FFB9D6 /* Frameworks */ = {
			isa = PBXFrameworksBuildPhase;
			buildActionMask = 2147483647;
			files = (
			);
			runOnlyForDeploymentPostprocessing = 0;
		};
		82E4282C2C0CEB1700FFB9D6 /* Frameworks */ = {
			isa = PBXFrameworksBuildPhase;
			buildActionMask = 2147483647;
			files = (
			);
			runOnlyForDeploymentPostprocessing = 0;
		};
		82E428362C0CEB1700FFB9D6 /* Frameworks */ = {
			isa = PBXFrameworksBuildPhase;
			buildActionMask = 2147483647;
			files = (
			);
			runOnlyForDeploymentPostprocessing = 0;
		};
/* End PBXFrameworksBuildPhase section */

/* Begin PBXGroup section */
		82E428162C0CEB1300FFB9D6 = {
			isa = PBXGroup;
			children = (
				82E428212C0CEB1300FFB9D6 /* PlayingWithMaps */,
				82E428322C0CEB1700FFB9D6 /* PlayingWithMapsTests */,
				82E4283C2C0CEB1700FFB9D6 /* PlayingWithMapsUITests */,
				82E428202C0CEB1300FFB9D6 /* Products */,
			);
			sourceTree = "<group>";
		};
		82E428202C0CEB1300FFB9D6 /* Products */ = {
			isa = PBXGroup;
			children = (
				82E4281F2C0CEB1300FFB9D6 /* PlayingWithMaps.app */,
				82E4282F2C0CEB1700FFB9D6 /* PlayingWithMapsTests.xctest */,
				82E428392C0CEB1700FFB9D6 /* PlayingWithMapsUITests.xctest */,
			);
			name = Products;
			sourceTree = "<group>";
		};
		82E428212C0CEB1300FFB9D6 /* PlayingWithMaps */ = {
			isa = PBXGroup;
			children = (
				82E428542C0FA77F00FFB9D6 /* ItemInfoView.swift */,
				82E428522C0FA76300FFB9D6 /* LAButtons.swift */,
				82E428222C0CEB1300FFB9D6 /* PlayingWithMapsApp.swift */,
				82E428242C0CEB1300FFB9D6 /* ContentView.swift */,
				82E428262C0CEB1600FFB9D6 /* Assets.xcassets */,
				82E428282C0CEB1600FFB9D6 /* Preview Content */,
			);
			path = PlayingWithMaps;
			sourceTree = "<group>";
		};
		82E428282C0CEB1600FFB9D6 /* Preview Content */ = {
			isa = PBXGroup;
			children = (
				82E428292C0CEB1600FFB9D6 /* Preview Assets.xcassets */,
			);
			path = "Preview Content";
			sourceTree = "<group>";
		};
		82E428322C0CEB1700FFB9D6 /* PlayingWithMapsTests */ = {
			isa = PBXGroup;
			children = (
				82E428332C0CEB1700FFB9D6 /* PlayingWithMapsTests.swift */,
			);
			path = PlayingWithMapsTests;
			sourceTree = "<group>";
		};
		82E4283C2C0CEB1700FFB9D6 /* PlayingWithMapsUITests */ = {
			isa = PBXGroup;
			children = (
				82E4283D2C0CEB1700FFB9D6 /* PlayingWithMapsUITests.swift */,
				82E4283F2C0CEB1700FFB9D6 /* PlayingWithMapsUITestsLaunchTests.swift */,
			);
			path = PlayingWithMapsUITests;
			sourceTree = "<group>";
		};
/* End PBXGroup section */

/* Begin PBXNativeTarget section */
		82E4281E2C0CEB1300FFB9D6 /* PlayingWithMaps */ = {
			isa = PBXNativeTarget;
			buildConfigurationList = 82E428432C0CEB1700FFB9D6 /* Build configuration list for PBXNativeTarget "PlayingWithMaps" */;
			buildPhases = (
				82E4281B2C0CEB1300FFB9D6 /* Sources */,
				82E4281C2C0CEB1300FFB9D6 /* Frameworks */,
				82E4281D2C0CEB1300FFB9D6 /* Resources */,
			);
			buildRules = (
			);
			dependencies = (
			);
			name = PlayingWithMaps;
			productName = PlayingWithMaps;
			productReference = 82E4281F2C0CEB1300FFB9D6 /* PlayingWithMaps.app */;
			productType = "com.apple.product-type.application";
		};
		82E4282E2C0CEB1700FFB9D6 /* PlayingWithMapsTests */ = {
			isa = PBXNativeTarget;
			buildConfigurationList = 82E428462C0CEB1700FFB9D6 /* Build configuration list for PBXNativeTarget "PlayingWithMapsTests" */;
			buildPhases = (
				82E4282B2C0CEB1700FFB9D6 /* Sources */,
				82E4282C2C0CEB1700FFB9D6 /* Frameworks */,
				82E4282D2C0CEB1700FFB9D6 /* Resources */,
			);
			buildRules = (
			);
			dependencies = (
				82E428312C0CEB1700FFB9D6 /* PBXTargetDependency */,
			);
			name = PlayingWithMapsTests;
			productName = PlayingWithMapsTests;
			productReference = 82E4282F2C0CEB1700FFB9D6 /* PlayingWithMapsTests.xctest */;
			productType = "com.apple.product-type.bundle.unit-test";
		};
		82E428382C0CEB1700FFB9D6 /* PlayingWithMapsUITests */ = {
			isa = PBXNativeTarget;
			buildConfigurationList = 82E428492C0CEB1700FFB9D6 /* Build configuration list for PBXNativeTarget "PlayingWithMapsUITests" */;
			buildPhases = (
				82E428352C0CEB1700FFB9D6 /* Sources */,
				82E428362C0CEB1700FFB9D6 /* Frameworks */,
				82E428372C0CEB1700FFB9D6 /* Resources */,
			);
			buildRules = (
			);
			dependencies = (
				82E4283B2C0CEB1700FFB9D6 /* PBXTargetDependency */,
			);
			name = PlayingWithMapsUITests;
			productName = PlayingWithMapsUITests;
			productReference = 82E428392C0CEB1700FFB9D6 /* PlayingWithMapsUITests.xctest */;
			productType = "com.apple.product-type.bundle.ui-testing";
		};
/* End PBXNativeTarget section */

/* Begin PBXProject section */
		82E428172C0CEB1300FFB9D6 /* Project object */ = {
			isa = PBXProject;
			attributes = {
				BuildIndependentTargetsInParallel = 1;
				LastSwiftUpdateCheck = 1540;
				LastUpgradeCheck = 1540;
				TargetAttributes = {
					82E4281E2C0CEB1300FFB9D6 = {
						CreatedOnToolsVersion = 15.4;
					};
					82E4282E2C0CEB1700FFB9D6 = {
						CreatedOnToolsVersion = 15.4;
						TestTargetID = 82E4281E2C0CEB1300FFB9D6;
					};
					82E428382C0CEB1700FFB9D6 = {
						CreatedOnToolsVersion = 15.4;
						TestTargetID = 82E4281E2C0CEB1300FFB9D6;
					};
				};
			};
			buildConfigurationList = 82E4281A2C0CEB1300FFB9D6 /* Build configuration list for PBXProject "PlayingWithMaps" */;
			compatibilityVersion = "Xcode 14.0";
			developmentRegion = en;
			hasScannedForEncodings = 0;
			knownRegions = (
				en,
				Base,
			);
			mainGroup = 82E428162C0CEB1300FFB9D6;
			productRefGroup = 82E428202C0CEB1300FFB9D6 /* Products */;
			projectDirPath = "";
			projectRoot = "";
			targets = (
				82E4281E2C0CEB1300FFB9D6 /* PlayingWithMaps */,
				82E4282E2C0CEB1700FFB9D6 /* PlayingWithMapsTests */,
				82E428382C0CEB1700FFB9D6 /* PlayingWithMapsUITests */,
			);
		};
/* End PBXProject section */

/* Begin PBXResourcesBuildPhase section */
		82E4281D2C0CEB1300FFB9D6 /* Resources */ = {
			isa = PBXResourcesBuildPhase;
			buildActionMask = 2147483647;
			files = (
				82E4282A2C0CEB1600FFB9D6 /* Preview Assets.xcassets in Resources */,
				82E428272C0CEB1600FFB9D6 /* Assets.xcassets in Resources */,
			);
			runOnlyForDeploymentPostprocessing = 0;
		};
		82E4282D2C0CEB1700FFB9D6 /* Resources */ = {
			isa = PBXResourcesBuildPhase;
			buildActionMask = 2147483647;
			files = (
			);
			runOnlyForDeploymentPostprocessing = 0;
		};
		82E428372C0CEB1700FFB9D6 /* Resources */ = {
			isa = PBXResourcesBuildPhase;
			buildActionMask = 2147483647;
			files = (
			);
			runOnlyForDeploymentPostprocessing = 0;
		};
/* End PBXResourcesBuildPhase section */

/* Begin PBXSourcesBuildPhase section */
		82E4281B2C0CEB1300FFB9D6 /* Sources */ = {
			isa = PBXSourcesBuildPhase;
			buildActionMask = 2147483647;
			files = (
				82E428252C0CEB1300FFB9D6 /* ContentView.swift in Sources */,
				82E428232C0CEB1300FFB9D6 /* PlayingWithMapsApp.swift in Sources */,
				82E428532C0FA76400FFB9D6 /* LAButtons.swift in Sources */,
				82E428552C0FA77F00FFB9D6 /* ItemInfoView.swift in Sources */,
			);
			runOnlyForDeploymentPostprocessing = 0;
		};
		82E4282B2C0CEB1700FFB9D6 /* Sources */ = {
			isa = PBXSourcesBuildPhase;
			buildActionMask = 2147483647;
			files = (
				82E428342C0CEB1700FFB9D6 /* PlayingWithMapsTests.swift in Sources */,
			);
			runOnlyForDeploymentPostprocessing = 0;
		};
		82E428352C0CEB1700FFB9D6 /* Sources */ = {
			isa = PBXSourcesBuildPhase;
			buildActionMask = 2147483647;
			files = (
				82E428402C0CEB1700FFB9D6 /* PlayingWithMapsUITestsLaunchTests.swift in Sources */,
				82E4283E2C0CEB1700FFB9D6 /* PlayingWithMapsUITests.swift in Sources */,
			);
			runOnlyForDeploymentPostprocessing = 0;
		};
/* End PBXSourcesBuildPhase section */

/* Begin PBXTargetDependency section */
		82E428312C0CEB1700FFB9D6 /* PBXTargetDependency */ = {
			isa = PBXTargetDependency;
			target = 82E4281E2C0CEB1300FFB9D6 /* PlayingWithMaps */;
			targetProxy = 82E428302C0CEB1700FFB9D6 /* PBXContainerItemProxy */;
		};
		82E4283B2C0CEB1700FFB9D6 /* PBXTargetDependency */ = {
			isa = PBXTargetDependency;
			target = 82E4281E2C0CEB1300FFB9D6 /* PlayingWithMaps */;
			targetProxy = 82E4283A2C0CEB1700FFB9D6 /* PBXContainerItemProxy */;
		};
/* End PBXTargetDependency section */

/* Begin XCBuildConfiguration section */
		82E428412C0CEB1700FFB9D6 /* Debug */ = {
			isa = XCBuildConfiguration;
			buildSettings = {
				ALWAYS_SEARCH_USER_PATHS = NO;
				ASSETCATALOG_COMPILER_GENERATE_SWIFT_ASSET_SYMBOL_EXTENSIONS = YES;
				CLANG_ANALYZER_NONNULL = YES;
				CLANG_ANALYZER_NUMBER_OBJECT_CONVERSION = YES_AGGRESSIVE;
				CLANG_CXX_LANGUAGE_STANDARD = "gnu++20";
				CLANG_ENABLE_MODULES = YES;
				CLANG_ENABLE_OBJC_ARC = YES;
				CLANG_ENABLE_OBJC_WEAK = YES;
				CLANG_WARN_BLOCK_CAPTURE_AUTORELEASING = YES;
				CLANG_WARN_BOOL_CONVERSION = YES;
				CLANG_WARN_COMMA = YES;
				CLANG_WARN_CONSTANT_CONVERSION = YES;
				CLANG_WARN_DEPRECATED_OBJC_IMPLEMENTATIONS = YES;
				CLANG_WARN_DIRECT_OBJC_ISA_USAGE = YES_ERROR;
				CLANG_WARN_DOCUMENTATION_COMMENTS = YES;
				CLANG_WARN_EMPTY_BODY = YES;
				CLANG_WARN_ENUM_CONVERSION = YES;
				CLANG_WARN_INFINITE_RECURSION = YES;
				CLANG_WARN_INT_CONVERSION = YES;
				CLANG_WARN_NON_LITERAL_NULL_CONVERSION = YES;
				CLANG_WARN_OBJC_IMPLICIT_RETAIN_SELF = YES;
				CLANG_WARN_OBJC_LITERAL_CONVERSION = YES;
				CLANG_WARN_OBJC_ROOT_CLASS = YES_ERROR;
				CLANG_WARN_QUOTED_INCLUDE_IN_FRAMEWORK_HEADER = YES;
				CLANG_WARN_RANGE_LOOP_ANALYSIS = YES;
				CLANG_WARN_STRICT_PROTOTYPES = YES;
				CLANG_WARN_SUSPICIOUS_MOVE = YES;
				CLANG_WARN_UNGUARDED_AVAILABILITY = YES_AGGRESSIVE;
				CLANG_WARN_UNREACHABLE_CODE = YES;
				CLANG_WARN__DUPLICATE_METHOD_MATCH = YES;
				COPY_PHASE_STRIP = NO;
				DEBUG_INFORMATION_FORMAT = dwarf;
				ENABLE_STRICT_OBJC_MSGSEND = YES;
				ENABLE_TESTABILITY = YES;
				ENABLE_USER_SCRIPT_SANDBOXING = YES;
				GCC_C_LANGUAGE_STANDARD = gnu17;
				GCC_DYNAMIC_NO_PIC = NO;
				GCC_NO_COMMON_BLOCKS = YES;
				GCC_OPTIMIZATION_LEVEL = 0;
				GCC_PREPROCESSOR_DEFINITIONS = (
					"DEBUG=1",
					"$(inherited)",
				);
				GCC_WARN_64_TO_32_BIT_CONVERSION = YES;
				GCC_WARN_ABOUT_RETURN_TYPE = YES_ERROR;
				GCC_WARN_UNDECLARED_SELECTOR = YES;
				GCC_WARN_UNINITIALIZED_AUTOS = YES_AGGRESSIVE;
				GCC_WARN_UNUSED_FUNCTION = YES;
				GCC_WARN_UNUSED_VARIABLE = YES;
				IPHONEOS_DEPLOYMENT_TARGET = 17.5;
				LOCALIZATION_PREFERS_STRING_CATALOGS = YES;
				MTL_ENABLE_DEBUG_INFO = INCLUDE_SOURCE;
				MTL_FAST_MATH = YES;
				ONLY_ACTIVE_ARCH = YES;
				SDKROOT = iphoneos;
				SWIFT_ACTIVE_COMPILATION_CONDITIONS = "DEBUG $(inherited)";
				SWIFT_OPTIMIZATION_LEVEL = "-Onone";
			};
			name = Debug;
		};
		82E428422C0CEB1700FFB9D6 /* Release */ = {
			isa = XCBuildConfiguration;
			buildSettings = {
				ALWAYS_SEARCH_USER_PATHS = NO;
				ASSETCATALOG_COMPILER_GENERATE_SWIFT_ASSET_SYMBOL_EXTENSIONS = YES;
				CLANG_ANALYZER_NONNULL = YES;
				CLANG_ANALYZER_NUMBER_OBJECT_CONVERSION = YES_AGGRESSIVE;
				CLANG_CXX_LANGUAGE_STANDARD = "gnu++20";
				CLANG_ENABLE_MODULES = YES;
				CLANG_ENABLE_OBJC_ARC = YES;
				CLANG_ENABLE_OBJC_WEAK = YES;
				CLANG_WARN_BLOCK_CAPTURE_AUTORELEASING = YES;
				CLANG_WARN_BOOL_CONVERSION = YES;
				CLANG_WARN_COMMA = YES;
				CLANG_WARN_CONSTANT_CONVERSION = YES;
				CLANG_WARN_DEPRECATED_OBJC_IMPLEMENTATIONS = YES;
				CLANG_WARN_DIRECT_OBJC_ISA_USAGE = YES_ERROR;
				CLANG_WARN_DOCUMENTATION_COMMENTS = YES;
				CLANG_WARN_EMPTY_BODY = YES;
				CLANG_WARN_ENUM_CONVERSION = YES;
				CLANG_WARN_INFINITE_RECURSION = YES;
				CLANG_WARN_INT_CONVERSION = YES;
				CLANG_WARN_NON_LITERAL_NULL_CONVERSION = YES;
				CLANG_WARN_OBJC_IMPLICIT_RETAIN_SELF = YES;
				CLANG_WARN_OBJC_LITERAL_CONVERSION = YES;
				CLANG_WARN_OBJC_ROOT_CLASS = YES_ERROR;
				CLANG_WARN_QUOTED_INCLUDE_IN_FRAMEWORK_HEADER = YES;
				CLANG_WARN_RANGE_LOOP_ANALYSIS = YES;
				CLANG_WARN_STRICT_PROTOTYPES = YES;
				CLANG_WARN_SUSPICIOUS_MOVE = YES;
				CLANG_WARN_UNGUARDED_AVAILABILITY = YES_AGGRESSIVE;
				CLANG_WARN_UNREACHABLE_CODE = YES;
				CLANG_WARN__DUPLICATE_METHOD_MATCH = YES;
				COPY_PHASE_STRIP = NO;
				DEBUG_INFORMATION_FORMAT = "dwarf-with-dsym";
				ENABLE_NS_ASSERTIONS = NO;
				ENABLE_STRICT_OBJC_MSGSEND = YES;
				ENABLE_USER_SCRIPT_SANDBOXING = YES;
				GCC_C_LANGUAGE_STANDARD = gnu17;
				GCC_NO_COMMON_BLOCKS = YES;
				GCC_WARN_64_TO_32_BIT_CONVERSION = YES;
				GCC_WARN_ABOUT_RETURN_TYPE = YES_ERROR;
				GCC_WARN_UNDECLARED_SELECTOR = YES;
				GCC_WARN_UNINITIALIZED_AUTOS = YES_AGGRESSIVE;
				GCC_WARN_UNUSED_FUNCTION = YES;
				GCC_WARN_UNUSED_VARIABLE = YES;
				IPHONEOS_DEPLOYMENT_TARGET = 17.5;
				LOCALIZATION_PREFERS_STRING_CATALOGS = YES;
				MTL_ENABLE_DEBUG_INFO = NO;
				MTL_FAST_MATH = YES;
				SDKROOT = iphoneos;
				SWIFT_COMPILATION_MODE = wholemodule;
				VALIDATE_PRODUCT = YES;
			};
			name = Release;
		};
		82E428442C0CEB1700FFB9D6 /* Debug */ = {
			isa = XCBuildConfiguration;
			buildSettings = {
				ASSETCATALOG_COMPILER_APPICON_NAME = AppIcon;
				ASSETCATALOG_COMPILER_GLOBAL_ACCENT_COLOR_NAME = AccentColor;
				CODE_SIGN_STYLE = Automatic;
				CURRENT_PROJECT_VERSION = 1;
				DEVELOPMENT_ASSET_PATHS = "\"PlayingWithMaps/Preview Content\"";
				DEVELOPMENT_TEAM = 3TFDS5G89L;
				ENABLE_PREVIEWS = YES;
				GENERATE_INFOPLIST_FILE = YES;
				INFOPLIST_KEY_UIApplicationSceneManifest_Generation = YES;
				INFOPLIST_KEY_UIApplicationSupportsIndirectInputEvents = YES;
				INFOPLIST_KEY_UILaunchScreen_Generation = YES;
				INFOPLIST_KEY_UISupportedInterfaceOrientations_iPad = "UIInterfaceOrientationPortrait UIInterfaceOrientationPortraitUpsideDown UIInterfaceOrientationLandscapeLeft UIInterfaceOrientationLandscapeRight";
				INFOPLIST_KEY_UISupportedInterfaceOrientations_iPhone = "UIInterfaceOrientationPortrait UIInterfaceOrientationLandscapeLeft UIInterfaceOrientationLandscapeRight";
				LD_RUNPATH_SEARCH_PATHS = (
					"$(inherited)",
					"@executable_path/Frameworks",
				);
				MARKETING_VERSION = 1.0;
				PRODUCT_BUNDLE_IDENTIFIER = PJ.PlayingWithMaps;
				PRODUCT_NAME = "$(TARGET_NAME)";
				SWIFT_EMIT_LOC_STRINGS = YES;
				SWIFT_VERSION = 5.0;
				TARGETED_DEVICE_FAMILY = "1,2";
			};
			name = Debug;
		};
		82E428452C0CEB1700FFB9D6 /* Release */ = {
			isa = XCBuildConfiguration;
			buildSettings = {
				ASSETCATALOG_COMPILER_APPICON_NAME = AppIcon;
				ASSETCATALOG_COMPILER_GLOBAL_ACCENT_COLOR_NAME = AccentColor;
				CODE_SIGN_STYLE = Automatic;
				CURRENT_PROJECT_VERSION = 1;
				DEVELOPMENT_ASSET_PATHS = "\"PlayingWithMaps/Preview Content\"";
				DEVELOPMENT_TEAM = 3TFDS5G89L;
				ENABLE_PREVIEWS = YES;
				GENERATE_INFOPLIST_FILE = YES;
				INFOPLIST_KEY_UIApplicationSceneManifest_Generation = YES;
				INFOPLIST_KEY_UIApplicationSupportsIndirectInputEvents = YES;
				INFOPLIST_KEY_UILaunchScreen_Generation = YES;
				INFOPLIST_KEY_UISupportedInterfaceOrientations_iPad = "UIInterfaceOrientationPortrait UIInterfaceOrientationPortraitUpsideDown UIInterfaceOrientationLandscapeLeft UIInterfaceOrientationLandscapeRight";
				INFOPLIST_KEY_UISupportedInterfaceOrientations_iPhone = "UIInterfaceOrientationPortrait UIInterfaceOrientationLandscapeLeft UIInterfaceOrientationLandscapeRight";
				LD_RUNPATH_SEARCH_PATHS = (
					"$(inherited)",
					"@executable_path/Frameworks",
				);
				MARKETING_VERSION = 1.0;
				PRODUCT_BUNDLE_IDENTIFIER = PJ.PlayingWithMaps;
				PRODUCT_NAME = "$(TARGET_NAME)";
				SWIFT_EMIT_LOC_STRINGS = YES;
				SWIFT_VERSION = 5.0;
				TARGETED_DEVICE_FAMILY = "1,2";
			};
			name = Release;
		};
		82E428472C0CEB1700FFB9D6 /* Debug */ = {
			isa = XCBuildConfiguration;
			buildSettings = {
				ALWAYS_EMBED_SWIFT_STANDARD_LIBRARIES = YES;
				BUNDLE_LOADER = "$(TEST_HOST)";
				CODE_SIGN_STYLE = Automatic;
				CURRENT_PROJECT_VERSION = 1;
				DEVELOPMENT_TEAM = 3TFDS5G89L;
				GENERATE_INFOPLIST_FILE = YES;
				IPHONEOS_DEPLOYMENT_TARGET = 17.5;
				MARKETING_VERSION = 1.0;
				PRODUCT_BUNDLE_IDENTIFIER = PJ.PlayingWithMapsTests;
				PRODUCT_NAME = "$(TARGET_NAME)";
				SWIFT_EMIT_LOC_STRINGS = NO;
				SWIFT_VERSION = 5.0;
				TARGETED_DEVICE_FAMILY = "1,2";
				TEST_HOST = "$(BUILT_PRODUCTS_DIR)/PlayingWithMaps.app/$(BUNDLE_EXECUTABLE_FOLDER_PATH)/PlayingWithMaps";
			};
			name = Debug;
		};
		82E428482C0CEB1700FFB9D6 /* Release */ = {
			isa = XCBuildConfiguration;
			buildSettings = {
				ALWAYS_EMBED_SWIFT_STANDARD_LIBRARIES = YES;
				BUNDLE_LOADER = "$(TEST_HOST)";
				CODE_SIGN_STYLE = Automatic;
				CURRENT_PROJECT_VERSION = 1;
				DEVELOPMENT_TEAM = 3TFDS5G89L;
				GENERATE_INFOPLIST_FILE = YES;
				IPHONEOS_DEPLOYMENT_TARGET = 17.5;
				MARKETING_VERSION = 1.0;
				PRODUCT_BUNDLE_IDENTIFIER = PJ.PlayingWithMapsTests;
				PRODUCT_NAME = "$(TARGET_NAME)";
				SWIFT_EMIT_LOC_STRINGS = NO;
				SWIFT_VERSION = 5.0;
				TARGETED_DEVICE_FAMILY = "1,2";
				TEST_HOST = "$(BUILT_PRODUCTS_DIR)/PlayingWithMaps.app/$(BUNDLE_EXECUTABLE_FOLDER_PATH)/PlayingWithMaps";
			};
			name = Release;
		};
		82E4284A2C0CEB1700FFB9D6 /* Debug */ = {
			isa = XCBuildConfiguration;
			buildSettings = {
				ALWAYS_EMBED_SWIFT_STANDARD_LIBRARIES = YES;
				CODE_SIGN_STYLE = Automatic;
				CURRENT_PROJECT_VERSION = 1;
				DEVELOPMENT_TEAM = 3TFDS5G89L;
				GENERATE_INFOPLIST_FILE = YES;
				MARKETING_VERSION = 1.0;
				PRODUCT_BUNDLE_IDENTIFIER = PJ.PlayingWithMapsUITests;
				PRODUCT_NAME = "$(TARGET_NAME)";
				SWIFT_EMIT_LOC_STRINGS = NO;
				SWIFT_VERSION = 5.0;
				TARGETED_DEVICE_FAMILY = "1,2";
				TEST_TARGET_NAME = PlayingWithMaps;
			};
			name = Debug;
		};
		82E4284B2C0CEB1700FFB9D6 /* Release */ = {
			isa = XCBuildConfiguration;
			buildSettings = {
				ALWAYS_EMBED_SWIFT_STANDARD_LIBRARIES = YES;
				CODE_SIGN_STYLE = Automatic;
				CURRENT_PROJECT_VERSION = 1;
				DEVELOPMENT_TEAM = 3TFDS5G89L;
				GENERATE_INFOPLIST_FILE = YES;
				MARKETING_VERSION = 1.0;
				PRODUCT_BUNDLE_IDENTIFIER = PJ.PlayingWithMapsUITests;
				PRODUCT_NAME = "$(TARGET_NAME)";
				SWIFT_EMIT_LOC_STRINGS = NO;
				SWIFT_VERSION = 5.0;
				TARGETED_DEVICE_FAMILY = "1,2";
				TEST_TARGET_NAME = PlayingWithMaps;
			};
			name = Release;
		};
/* End XCBuildConfiguration section */

/* Begin XCConfigurationList section */
		82E4281A2C0CEB1300FFB9D6 /* Build configuration list for PBXProject "PlayingWithMaps" */ = {
			isa = XCConfigurationList;
			buildConfigurations = (
				82E428412C0CEB1700FFB9D6 /* Debug */,
				82E428422C0CEB1700FFB9D6 /* Release */,
			);
			defaultConfigurationIsVisible = 0;
			defaultConfigurationName = Release;
		};
		82E428432C0CEB1700FFB9D6 /* Build configuration list for PBXNativeTarget "PlayingWithMaps" */ = {
			isa = XCConfigurationList;
			buildConfigurations = (
				82E428442C0CEB1700FFB9D6 /* Debug */,
				82E428452C0CEB1700FFB9D6 /* Release */,
			);
			defaultConfigurationIsVisible = 0;
			defaultConfigurationName = Release;
		};
		82E428462C0CEB1700FFB9D6 /* Build configuration list for PBXNativeTarget "PlayingWithMapsTests" */ = {
			isa = XCConfigurationList;
			buildConfigurations = (
				82E428472C0CEB1700FFB9D6 /* Debug */,
				82E428482C0CEB1700FFB9D6 /* Release */,
			);
			defaultConfigurationIsVisible = 0;
			defaultConfigurationName = Release;
		};
		82E428492C0CEB1700FFB9D6 /* Build configuration list for PBXNativeTarget "PlayingWithMapsUITests" */ = {
			isa = XCConfigurationList;
			buildConfigurations = (
				82E4284A2C0CEB1700FFB9D6 /* Debug */,
				82E4284B2C0CEB1700FFB9D6 /* Release */,
			);
			defaultConfigurationIsVisible = 0;
			defaultConfigurationName = Release;
		};
/* End XCConfigurationList section */
	};
	rootObject = 82E428172C0CEB1300FFB9D6 /* Project object */;
}
